
Microsoft Visual Studio Solution File, Format Version 12.00
# Visual Studio Version 17
VisualStudioVersion = 17.1.32210.238
MinimumVisualStudioVersion = 10.0.40219.1
Project("{9A19103F-16F7-4668-BE54-9A1E7A4F7556}") = "LazyStackAuthTests", "LazyStackAuthTests\LazyStackAuthTests.csproj", "{27DBAE02-13E9-4727-9987-756A81386519}"
EndProject
Project("{9A19103F-16F7-4668-BE54-9A1E7A4F7556}") = "LazyStackAwsSettings", "LazyStackAwsSettings\LazyStackAwsSettings.csproj", "{920D9F56-BFD6-4402-9025-56DC0B1FEB36}"
EndProject
Project("{9A19103F-16F7-4668-BE54-9A1E7A4F7556}") = "LazyStackDynamoDBRepo", "LazyStackDynamoDBRepo\LazyStackDynamoDBRepo.csproj", "{AAC0F776-6670-498A-AE71-56B84A5CC9AF}"
EndProject
Project("{9A19103F-16F7-4668-BE54-9A1E7A4F7556}") = "LazyStackGetAwsSettings", "LazyStackGetSettings\LazyStackGetAwsSettings.csproj", "{21A4AFE2-8160-4901-9D6E-BBF83A176706}"
EndProject
Project("{2150E333-8FDC-42A3-9474-1A3956D46DE8}") = "Solution Items", "Solution Items", "{022D49A6-541D-47DA-8FF0-7E3A1EFB5050}"
	ProjectSection(SolutionItems) = preProject
		Directory.Packages.props = Directory.Packages.props
		LazyStack.PackageVersions.props = LazyStack.PackageVersions.props
		LICENSE = LICENSE
		README.md = README.md
	EndProjectSection
EndProject
Project("{9A19103F-16F7-4668-BE54-9A1E7A4F7556}") = "LazyStackDynamoDBRepoTests", "LazyStackDynamoDBRepoTests\LazyStackDynamoDBRepoTests.csproj", "{561CB612-CA56-4F45-98BA-ACA24EEF5FB1}"
EndProject
Project("{9A19103F-16F7-4668-BE54-9A1E7A4F7556}") = "LazyStackAuthTestsLambdaHttpApi", "LazyStackAuthTestsLambdaHttpApi\LazyStackAuthTestsLambdaHttpApi.csproj", "{A2AE6282-0B63-4D0A-B84B-EF12F078332C}"
EndProject
Project("{9A19103F-16F7-4668-BE54-9A1E7A4F7556}") = "LazyStackAuthTestsController", "LazyStackAuthTestsController\LazyStackAuthTestsController.csproj", "{12AFBC85-0027-48B0-833A-3AEED81AA8FE}"
EndProject
Project("{9A19103F-16F7-4668-BE54-9A1E7A4F7556}") = "LazyStackAuthTestsLambdaApi", "LazyStackAuthTestsLambdaApi\LazyStackAuthTestsLambdaApi.csproj", "{74ECCC96-13FB-41AB-8415-A6E06282339D}"
EndProject
Project("{9A19103F-16F7-4668-BE54-9A1E7A4F7556}") = "LazyStackAuthTestReact", "LazyStackAuthTestReact\LazyStackAuthTestReact.csproj", "{8354B0D8-B068-45EA-8BCB-1F331C7272EB}"
EndProject
Project("{D954291E-2A0B-460D-934E-DC6B0785DB48}") = "LazyStackAwsSettingsSharedCode", "LazyStackAwsSettingsSharedCode\LazyStackAwsSettingsSharedCode.shproj", "{77DB02D7-3D16-455B-BB98-7BB22AE14FD8}"
EndProject
Project("{9A19103F-16F7-4668-BE54-9A1E7A4F7556}") = "LazyStackAuth", "LazyStackAuth\LazyStackAuth.csproj", "{9013AEA0-DF44-47FD-A311-C6D3854FAD96}"
EndProject
Project("{9A19103F-16F7-4668-BE54-9A1E7A4F7556}") = "LazyStack.Utils", "LazyStack.Utils\LazyStack.Utils.csproj", "{B3A78BDB-A813-4948-A3B9-68306933EFB3}"
EndProject
Project("{9A19103F-16F7-4668-BE54-9A1E7A4F7556}") = "LazyStack.ViewModels", "LazyStack.ViewModels\LazyStack.ViewModels.csproj", "{26FE84AD-9B50-4817-AF1A-F638DE70CB07}"
EndProject
Project("{9A19103F-16F7-4668-BE54-9A1E7A4F7556}") = "LazyStack.Components", "LazyStack.Components\LazyStack.Components.csproj", "{C2D4CAC1-7B12-49C1-8960-B645DE1A9A3F}"
EndProject
Project("{9A19103F-16F7-4668-BE54-9A1E7A4F7556}") = "LazyStackBlazorise", "LazyStackBlazorise\LazyStackBlazorise.csproj", "{4EE2211F-1C74-4DEE-90CB-130E09944A4A}"
EndProject
Project("{9A19103F-16F7-4668-BE54-9A1E7A4F7556}") = "LazyStackBase", "LazyStackBase\LazyStackBase.csproj", "{47FBFA47-0567-4FC4-835C-7EB3288E3B86}"
EndProject
Project("{9A19103F-16F7-4668-BE54-9A1E7A4F7556}") = "LazyStackConfig", "LazyStackConfig\LazyStackConfig.csproj", "{324DA0EC-11D3-4F38-9B8B-3C49FC23119F}"
EndProject
Project("{9A19103F-16F7-4668-BE54-9A1E7A4F7556}") = "LazyStackControllerBase", "LazyStackControllerBase\LazyStackControllerBase.csproj", "{4701D707-B5F9-43ED-9C3B-7EDC63A9B531}"
EndProject
Project("{9A19103F-16F7-4668-BE54-9A1E7A4F7556}") = "LazyStackNotificationsLambda", "LazyStackNotificationsLambda\LazyStackNotificationsLambda.csproj", "{DE33E909-D2C6-4CEE-BFEA-803C7D893834}"
EndProject
Project("{9A19103F-16F7-4668-BE54-9A1E7A4F7556}") = "LazyStackWSLambda", "LazyStackWSLambda\LazyStackWSLambda.csproj", "{F3CADD29-A7D9-4F74-A3A6-9B799EAEFE5A}"
EndProject
Project("{9A19103F-16F7-4668-BE54-9A1E7A4F7556}") = "LazyStackWSAuthLambda", "LazyStackWSAuthLambda\LazyStackWSAuthLambda.csproj", "{56990B46-A037-4479-95EC-69BC5F1908C0}"
EndProject
Project("{D954291E-2A0B-460D-934E-DC6B0785DB48}") = "LazyStackNotificationsSharedCode", "LazyStackNotificationsSharedCode\LazyStackNotificationsSharedCode.shproj", "{91C21338-C1A2-41D4-A2F8-282BDA7B0D74}"
EndProject
Project("{9A19103F-16F7-4668-BE54-9A1E7A4F7556}") = "LazyStackCognitoValidation", "LazyStackCognitoValidation\LazyStackCognitoValidation.csproj", "{0709EADD-4A40-4B5E-988A-D08BE0143B23}"
EndProject
Project("{D954291E-2A0B-460D-934E-DC6B0785DB48}") = "LazyStackNotifciationsSharedSDK", "LazyStackNotifciationsSharedSDK\LazyStackNotifciationsSharedSDK.shproj", "{764DFBAD-2799-4C2F-9061-6CA377816A5F}"
EndProject
Project("{9A19103F-16F7-4668-BE54-9A1E7A4F7556}") = "LazyStackNotificationsSchema", "LazyStackNotificationsSchema\LazyStackNotificationsSchema.csproj", "{C9DDD646-9ECE-45F7-B6D6-762BEF4A1477}"
EndProject
Project("{2150E333-8FDC-42A3-9474-1A3956D46DE8}") = "LazyStackNotifications", "LazyStackNotifications", "{F5D5A042-CCBA-4B19-B02A-35883D83552F}"
EndProject
Project("{9A19103F-16F7-4668-BE54-9A1E7A4F7556}") = "LazyStackNotificationsRepo", "LazyStackNotificationsRepo\LazyStackNotificationsRepo.csproj", "{E4ADACDA-03EC-4744-90E8-4888F321556E}"
EndProject
Project("{9A19103F-16F7-4668-BE54-9A1E7A4F7556}") = "LazyStackNotifications.ViewModels", "LazyStackNotifications.ViewModels\LazyStackNotifications.ViewModels.csproj", "{4EEA8953-5F8B-4BA4-A3A3-296039D06169}"
EndProject
Project("{9A19103F-16F7-4668-BE54-9A1E7A4F7556}") = "LazyStackNotificationsWebSocket", "LazyStackNotificationsWebSocket\LazyStackNotificationsWebSocket.csproj", "{34720493-D0AB-4F30-8AE4-4AC7B06246AB}"
EndProject
Project("{9A19103F-16F7-4668-BE54-9A1E7A4F7556}") = "LazyStackNotificationsFromStreams", "LazyStackNotificationsFromStreams\LazyStackNotificationsFromStreams.csproj", "{72069F57-76B4-4C39-8399-06533129990F}"
EndProject
Global
	GlobalSection(SolutionConfigurationPlatforms) = preSolution
		Debug|Any CPU = Debug|Any CPU
		Release|Any CPU = Release|Any CPU
	EndGlobalSection
	GlobalSection(ProjectConfigurationPlatforms) = postSolution
		{27DBAE02-13E9-4727-9987-756A81386519}.Debug|Any CPU.ActiveCfg = Debug|Any CPU
		{27DBAE02-13E9-4727-9987-756A81386519}.Debug|Any CPU.Build.0 = Debug|Any CPU
		{27DBAE02-13E9-4727-9987-756A81386519}.Release|Any CPU.ActiveCfg = Release|Any CPU
		{27DBAE02-13E9-4727-9987-756A81386519}.Release|Any CPU.Build.0 = Release|Any CPU
		{920D9F56-BFD6-4402-9025-56DC0B1FEB36}.Debug|Any CPU.ActiveCfg = Debug|Any CPU
		{920D9F56-BFD6-4402-9025-56DC0B1FEB36}.Debug|Any CPU.Build.0 = Debug|Any CPU
		{920D9F56-BFD6-4402-9025-56DC0B1FEB36}.Release|Any CPU.ActiveCfg = Release|Any CPU
		{920D9F56-BFD6-4402-9025-56DC0B1FEB36}.Release|Any CPU.Build.0 = Release|Any CPU
		{AAC0F776-6670-498A-AE71-56B84A5CC9AF}.Debug|Any CPU.ActiveCfg = Debug|Any CPU
		{AAC0F776-6670-498A-AE71-56B84A5CC9AF}.Debug|Any CPU.Build.0 = Debug|Any CPU
		{AAC0F776-6670-498A-AE71-56B84A5CC9AF}.Release|Any CPU.ActiveCfg = Release|Any CPU
		{AAC0F776-6670-498A-AE71-56B84A5CC9AF}.Release|Any CPU.Build.0 = Release|Any CPU
		{21A4AFE2-8160-4901-9D6E-BBF83A176706}.Debug|Any CPU.ActiveCfg = Debug|Any CPU
		{21A4AFE2-8160-4901-9D6E-BBF83A176706}.Debug|Any CPU.Build.0 = Debug|Any CPU
		{21A4AFE2-8160-4901-9D6E-BBF83A176706}.Release|Any CPU.ActiveCfg = Release|Any CPU
		{21A4AFE2-8160-4901-9D6E-BBF83A176706}.Release|Any CPU.Build.0 = Release|Any CPU
		{561CB612-CA56-4F45-98BA-ACA24EEF5FB1}.Debug|Any CPU.ActiveCfg = Debug|Any CPU
		{561CB612-CA56-4F45-98BA-ACA24EEF5FB1}.Debug|Any CPU.Build.0 = Debug|Any CPU
		{561CB612-CA56-4F45-98BA-ACA24EEF5FB1}.Release|Any CPU.ActiveCfg = Release|Any CPU
		{561CB612-CA56-4F45-98BA-ACA24EEF5FB1}.Release|Any CPU.Build.0 = Release|Any CPU
		{A2AE6282-0B63-4D0A-B84B-EF12F078332C}.Debug|Any CPU.ActiveCfg = Debug|Any CPU
		{A2AE6282-0B63-4D0A-B84B-EF12F078332C}.Debug|Any CPU.Build.0 = Debug|Any CPU
		{A2AE6282-0B63-4D0A-B84B-EF12F078332C}.Release|Any CPU.ActiveCfg = Release|Any CPU
		{A2AE6282-0B63-4D0A-B84B-EF12F078332C}.Release|Any CPU.Build.0 = Release|Any CPU
		{12AFBC85-0027-48B0-833A-3AEED81AA8FE}.Debug|Any CPU.ActiveCfg = Debug|Any CPU
		{12AFBC85-0027-48B0-833A-3AEED81AA8FE}.Debug|Any CPU.Build.0 = Debug|Any CPU
		{12AFBC85-0027-48B0-833A-3AEED81AA8FE}.Release|Any CPU.ActiveCfg = Release|Any CPU
		{12AFBC85-0027-48B0-833A-3AEED81AA8FE}.Release|Any CPU.Build.0 = Release|Any CPU
		{74ECCC96-13FB-41AB-8415-A6E06282339D}.Debug|Any CPU.ActiveCfg = Debug|Any CPU
		{74ECCC96-13FB-41AB-8415-A6E06282339D}.Debug|Any CPU.Build.0 = Debug|Any CPU
		{74ECCC96-13FB-41AB-8415-A6E06282339D}.Release|Any CPU.ActiveCfg = Release|Any CPU
		{74ECCC96-13FB-41AB-8415-A6E06282339D}.Release|Any CPU.Build.0 = Release|Any CPU
		{8354B0D8-B068-45EA-8BCB-1F331C7272EB}.Debug|Any CPU.ActiveCfg = Debug|Any CPU
		{8354B0D8-B068-45EA-8BCB-1F331C7272EB}.Debug|Any CPU.Build.0 = Debug|Any CPU
		{8354B0D8-B068-45EA-8BCB-1F331C7272EB}.Release|Any CPU.ActiveCfg = Release|Any CPU
		{8354B0D8-B068-45EA-8BCB-1F331C7272EB}.Release|Any CPU.Build.0 = Release|Any CPU
		{9013AEA0-DF44-47FD-A311-C6D3854FAD96}.Debug|Any CPU.ActiveCfg = Debug|Any CPU
		{9013AEA0-DF44-47FD-A311-C6D3854FAD96}.Debug|Any CPU.Build.0 = Debug|Any CPU
		{9013AEA0-DF44-47FD-A311-C6D3854FAD96}.Release|Any CPU.ActiveCfg = Release|Any CPU
		{9013AEA0-DF44-47FD-A311-C6D3854FAD96}.Release|Any CPU.Build.0 = Release|Any CPU
		{B3A78BDB-A813-4948-A3B9-68306933EFB3}.Debug|Any CPU.ActiveCfg = Debug|Any CPU
		{B3A78BDB-A813-4948-A3B9-68306933EFB3}.Debug|Any CPU.Build.0 = Debug|Any CPU
		{B3A78BDB-A813-4948-A3B9-68306933EFB3}.Release|Any CPU.ActiveCfg = Release|Any CPU
		{B3A78BDB-A813-4948-A3B9-68306933EFB3}.Release|Any CPU.Build.0 = Release|Any CPU
		{26FE84AD-9B50-4817-AF1A-F638DE70CB07}.Debug|Any CPU.ActiveCfg = Debug|Any CPU
		{26FE84AD-9B50-4817-AF1A-F638DE70CB07}.Debug|Any CPU.Build.0 = Debug|Any CPU
		{26FE84AD-9B50-4817-AF1A-F638DE70CB07}.Release|Any CPU.ActiveCfg = Release|Any CPU
		{26FE84AD-9B50-4817-AF1A-F638DE70CB07}.Release|Any CPU.Build.0 = Release|Any CPU
		{C2D4CAC1-7B12-49C1-8960-B645DE1A9A3F}.Debug|Any CPU.ActiveCfg = Debug|Any CPU
		{C2D4CAC1-7B12-49C1-8960-B645DE1A9A3F}.Debug|Any CPU.Build.0 = Debug|Any CPU
		{C2D4CAC1-7B12-49C1-8960-B645DE1A9A3F}.Release|Any CPU.ActiveCfg = Release|Any CPU
		{C2D4CAC1-7B12-49C1-8960-B645DE1A9A3F}.Release|Any CPU.Build.0 = Release|Any CPU
		{4EE2211F-1C74-4DEE-90CB-130E09944A4A}.Debug|Any CPU.ActiveCfg = Debug|Any CPU
		{4EE2211F-1C74-4DEE-90CB-130E09944A4A}.Debug|Any CPU.Build.0 = Debug|Any CPU
		{4EE2211F-1C74-4DEE-90CB-130E09944A4A}.Release|Any CPU.ActiveCfg = Release|Any CPU
		{4EE2211F-1C74-4DEE-90CB-130E09944A4A}.Release|Any CPU.Build.0 = Release|Any CPU
		{47FBFA47-0567-4FC4-835C-7EB3288E3B86}.Debug|Any CPU.ActiveCfg = Debug|Any CPU
		{47FBFA47-0567-4FC4-835C-7EB3288E3B86}.Debug|Any CPU.Build.0 = Debug|Any CPU
		{47FBFA47-0567-4FC4-835C-7EB3288E3B86}.Release|Any CPU.ActiveCfg = Release|Any CPU
		{47FBFA47-0567-4FC4-835C-7EB3288E3B86}.Release|Any CPU.Build.0 = Release|Any CPU
		{324DA0EC-11D3-4F38-9B8B-3C49FC23119F}.Debug|Any CPU.ActiveCfg = Debug|Any CPU
		{324DA0EC-11D3-4F38-9B8B-3C49FC23119F}.Debug|Any CPU.Build.0 = Debug|Any CPU
		{324DA0EC-11D3-4F38-9B8B-3C49FC23119F}.Release|Any CPU.ActiveCfg = Release|Any CPU
		{324DA0EC-11D3-4F38-9B8B-3C49FC23119F}.Release|Any CPU.Build.0 = Release|Any CPU
		{4701D707-B5F9-43ED-9C3B-7EDC63A9B531}.Debug|Any CPU.ActiveCfg = Debug|Any CPU
		{4701D707-B5F9-43ED-9C3B-7EDC63A9B531}.Debug|Any CPU.Build.0 = Debug|Any CPU
		{4701D707-B5F9-43ED-9C3B-7EDC63A9B531}.Release|Any CPU.ActiveCfg = Release|Any CPU
		{4701D707-B5F9-43ED-9C3B-7EDC63A9B531}.Release|Any CPU.Build.0 = Release|Any CPU
		{DE33E909-D2C6-4CEE-BFEA-803C7D893834}.Debug|Any CPU.ActiveCfg = Debug|Any CPU
		{DE33E909-D2C6-4CEE-BFEA-803C7D893834}.Debug|Any CPU.Build.0 = Debug|Any CPU
		{DE33E909-D2C6-4CEE-BFEA-803C7D893834}.Release|Any CPU.ActiveCfg = Release|Any CPU
		{DE33E909-D2C6-4CEE-BFEA-803C7D893834}.Release|Any CPU.Build.0 = Release|Any CPU
		{F3CADD29-A7D9-4F74-A3A6-9B799EAEFE5A}.Debug|Any CPU.ActiveCfg = Debug|Any CPU
		{F3CADD29-A7D9-4F74-A3A6-9B799EAEFE5A}.Debug|Any CPU.Build.0 = Debug|Any CPU
		{F3CADD29-A7D9-4F74-A3A6-9B799EAEFE5A}.Release|Any CPU.ActiveCfg = Release|Any CPU
		{F3CADD29-A7D9-4F74-A3A6-9B799EAEFE5A}.Release|Any CPU.Build.0 = Release|Any CPU
		{56990B46-A037-4479-95EC-69BC5F1908C0}.Debug|Any CPU.ActiveCfg = Debug|Any CPU
		{56990B46-A037-4479-95EC-69BC5F1908C0}.Debug|Any CPU.Build.0 = Debug|Any CPU
		{56990B46-A037-4479-95EC-69BC5F1908C0}.Release|Any CPU.ActiveCfg = Release|Any CPU
		{56990B46-A037-4479-95EC-69BC5F1908C0}.Release|Any CPU.Build.0 = Release|Any CPU
		{0709EADD-4A40-4B5E-988A-D08BE0143B23}.Debug|Any CPU.ActiveCfg = Debug|Any CPU
		{0709EADD-4A40-4B5E-988A-D08BE0143B23}.Debug|Any CPU.Build.0 = Debug|Any CPU
		{0709EADD-4A40-4B5E-988A-D08BE0143B23}.Release|Any CPU.ActiveCfg = Release|Any CPU
		{0709EADD-4A40-4B5E-988A-D08BE0143B23}.Release|Any CPU.Build.0 = Release|Any CPU
		{C9DDD646-9ECE-45F7-B6D6-762BEF4A1477}.Debug|Any CPU.ActiveCfg = Debug|Any CPU
		{C9DDD646-9ECE-45F7-B6D6-762BEF4A1477}.Debug|Any CPU.Build.0 = Debug|Any CPU
		{C9DDD646-9ECE-45F7-B6D6-762BEF4A1477}.Release|Any CPU.ActiveCfg = Release|Any CPU
		{C9DDD646-9ECE-45F7-B6D6-762BEF4A1477}.Release|Any CPU.Build.0 = Release|Any CPU
		{E4ADACDA-03EC-4744-90E8-4888F321556E}.Debug|Any CPU.ActiveCfg = Debug|Any CPU
		{E4ADACDA-03EC-4744-90E8-4888F321556E}.Debug|Any CPU.Build.0 = Debug|Any CPU
		{E4ADACDA-03EC-4744-90E8-4888F321556E}.Release|Any CPU.ActiveCfg = Release|Any CPU
		{E4ADACDA-03EC-4744-90E8-4888F321556E}.Release|Any CPU.Build.0 = Release|Any CPU
		{4EEA8953-5F8B-4BA4-A3A3-296039D06169}.Debug|Any CPU.ActiveCfg = Debug|Any CPU
		{4EEA8953-5F8B-4BA4-A3A3-296039D06169}.Debug|Any CPU.Build.0 = Debug|Any CPU
		{4EEA8953-5F8B-4BA4-A3A3-296039D06169}.Release|Any CPU.ActiveCfg = Release|Any CPU
		{4EEA8953-5F8B-4BA4-A3A3-296039D06169}.Release|Any CPU.Build.0 = Release|Any CPU
		{34720493-D0AB-4F30-8AE4-4AC7B06246AB}.Debug|Any CPU.ActiveCfg = Debug|Any CPU
		{34720493-D0AB-4F30-8AE4-4AC7B06246AB}.Debug|Any CPU.Build.0 = Debug|Any CPU
		{34720493-D0AB-4F30-8AE4-4AC7B06246AB}.Release|Any CPU.ActiveCfg = Release|Any CPU
		{34720493-D0AB-4F30-8AE4-4AC7B06246AB}.Release|Any CPU.Build.0 = Release|Any CPU
		{72069F57-76B4-4C39-8399-06533129990F}.Debug|Any CPU.ActiveCfg = Debug|Any CPU
		{72069F57-76B4-4C39-8399-06533129990F}.Debug|Any CPU.Build.0 = Debug|Any CPU
		{72069F57-76B4-4C39-8399-06533129990F}.Release|Any CPU.ActiveCfg = Release|Any CPU
		{72069F57-76B4-4C39-8399-06533129990F}.Release|Any CPU.Build.0 = Release|Any CPU
	EndGlobalSection
	GlobalSection(SolutionProperties) = preSolution
		HideSolutionNode = FALSE
	EndGlobalSection
	GlobalSection(NestedProjects) = preSolution
		{DE33E909-D2C6-4CEE-BFEA-803C7D893834} = {F5D5A042-CCBA-4B19-B02A-35883D83552F}
		{91C21338-C1A2-41D4-A2F8-282BDA7B0D74} = {F5D5A042-CCBA-4B19-B02A-35883D83552F}
		{764DFBAD-2799-4C2F-9061-6CA377816A5F} = {F5D5A042-CCBA-4B19-B02A-35883D83552F}
		{C9DDD646-9ECE-45F7-B6D6-762BEF4A1477} = {F5D5A042-CCBA-4B19-B02A-35883D83552F}
		{E4ADACDA-03EC-4744-90E8-4888F321556E} = {F5D5A042-CCBA-4B19-B02A-35883D83552F}
		{4EEA8953-5F8B-4BA4-A3A3-296039D06169} = {F5D5A042-CCBA-4B19-B02A-35883D83552F}
		{34720493-D0AB-4F30-8AE4-4AC7B06246AB} = {F5D5A042-CCBA-4B19-B02A-35883D83552F}
		{72069F57-76B4-4C39-8399-06533129990F} = {F5D5A042-CCBA-4B19-B02A-35883D83552F}
	EndGlobalSection
	GlobalSection(ExtensibilityGlobals) = postSolution
		SolutionGuid = {9CF40041-34A3-426B-952C-84C4644828E8}
	EndGlobalSection
	GlobalSection(SharedMSBuildProjectFiles) = preSolution
		LazyStackNotifciationsSharedSDK\LazyStackNotifciationsSharedSDK.projitems*{764dfbad-2799-4c2f-9061-6ca377816a5f}*SharedItemsImports = 13
		LazyStackAwsSettingsSharedCode\LazyStackAwsSettingsSharedCode.projitems*{77db02d7-3d16-455b-bb98-7bb22ae14fd8}*SharedItemsImports = 13
		LazyStackNotificationsSharedCode\LazyStackNotificationsSharedCode.projitems*{91c21338-c1a2-41d4-a2f8-282bda7b0d74}*SharedItemsImports = 13
		LazyStackAwsSettingsSharedCode\LazyStackAwsSettingsSharedCode.projitems*{920d9f56-bfd6-4402-9025-56dc0b1feb36}*SharedItemsImports = 5
	EndGlobalSection
EndGlobal
