
Microsoft Visual Studio Solution File, Format Version 12.00
# Visual Studio Version 16
VisualStudioVersion = 16.0.30320.27
MinimumVisualStudioVersion = 10.0.40219.1
Project("{9A19103F-16F7-4668-BE54-9A1E7A4F7556}") = "LazyStack", "LazyStack\LazyStack.csproj", "{EA25E703-E7A2-46F3-BABF-46F0B5114534}"
EndProject
Project("{9A19103F-16F7-4668-BE54-9A1E7A4F7556}") = "LazyStackApp", "LazyStackApp\LazyStackApp.csproj", "{BE6CA57D-AC53-4F56-B965-078AFC8F7BAE}"
EndProject
Project("{FAE04EC0-301F-11D3-BF4B-00C04F79EFBC}") = "LazyStackVsExt", "LazyStackVsExt\LazyStackVsExt.csproj", "{48BACE91-8D54-4CFC-919A-5CE3DDE099C6}"
EndProject
Project("{9A19103F-16F7-4668-BE54-9A1E7A4F7556}") = "LazyStackWebApi", "LazyStackWebApi\LazyStackWebApi.csproj", "{9FD27A4C-5845-4AEF-9E6A-E406A5F7E736}"
EndProject
Project("{2150E333-8FDC-42A3-9474-1A3956D46DE8}") = "Solution Items", "Solution Items", "{6B3576B2-110D-4823-8699-5E48B4917F45}"
	ProjectSection(SolutionItems) = preProject
		DeploymentNotes.md = DeploymentNotes.md
	EndProjectSection
EndProject
Project("{9A19103F-16F7-4668-BE54-9A1E7A4F7556}") = "LazyStackAuth", "LazyStackAuth\LazyStackAuth.csproj", "{34F8088D-570C-4E42-99A2-149BE16EF8B8}"
EndProject
Project("{9A19103F-16F7-4668-BE54-9A1E7A4F7556}") = "LazyStackAuthTests", "LazyStackAuthTests\LazyStackAuthTests.csproj", "{E5D16155-F6BE-43EC-8556-32A6F30CFACC}"
EndProject
Global
	GlobalSection(SolutionConfigurationPlatforms) = preSolution
		Debug|Any CPU = Debug|Any CPU
		Debug|x64 = Debug|x64
		Debug-MONO|Any CPU = Debug-MONO|Any CPU
		Debug-MONO|x64 = Debug-MONO|x64
		MachineIndependent|Any CPU = MachineIndependent|Any CPU
		MachineIndependent|x64 = MachineIndependent|x64
		Release|Any CPU = Release|Any CPU
		Release|x64 = Release|x64
		Release-MONO|Any CPU = Release-MONO|Any CPU
		Release-MONO|x64 = Release-MONO|x64
	EndGlobalSection
	GlobalSection(ProjectConfigurationPlatforms) = postSolution
		{EA25E703-E7A2-46F3-BABF-46F0B5114534}.Debug|Any CPU.ActiveCfg = Debug|Any CPU
		{EA25E703-E7A2-46F3-BABF-46F0B5114534}.Debug|Any CPU.Build.0 = Debug|Any CPU
		{EA25E703-E7A2-46F3-BABF-46F0B5114534}.Debug|x64.ActiveCfg = Debug|Any CPU
		{EA25E703-E7A2-46F3-BABF-46F0B5114534}.Debug|x64.Build.0 = Debug|Any CPU
		{EA25E703-E7A2-46F3-BABF-46F0B5114534}.Debug-MONO|Any CPU.ActiveCfg = Debug|Any CPU
		{EA25E703-E7A2-46F3-BABF-46F0B5114534}.Debug-MONO|Any CPU.Build.0 = Debug|Any CPU
		{EA25E703-E7A2-46F3-BABF-46F0B5114534}.Debug-MONO|x64.ActiveCfg = Debug|Any CPU
		{EA25E703-E7A2-46F3-BABF-46F0B5114534}.Debug-MONO|x64.Build.0 = Debug|Any CPU
		{EA25E703-E7A2-46F3-BABF-46F0B5114534}.MachineIndependent|Any CPU.ActiveCfg = Release|Any CPU
		{EA25E703-E7A2-46F3-BABF-46F0B5114534}.MachineIndependent|Any CPU.Build.0 = Release|Any CPU
		{EA25E703-E7A2-46F3-BABF-46F0B5114534}.MachineIndependent|x64.ActiveCfg = Release|Any CPU
		{EA25E703-E7A2-46F3-BABF-46F0B5114534}.MachineIndependent|x64.Build.0 = Release|Any CPU
		{EA25E703-E7A2-46F3-BABF-46F0B5114534}.Release|Any CPU.ActiveCfg = Release|Any CPU
		{EA25E703-E7A2-46F3-BABF-46F0B5114534}.Release|Any CPU.Build.0 = Release|Any CPU
		{EA25E703-E7A2-46F3-BABF-46F0B5114534}.Release|x64.ActiveCfg = Release|Any CPU
		{EA25E703-E7A2-46F3-BABF-46F0B5114534}.Release|x64.Build.0 = Release|Any CPU
		{EA25E703-E7A2-46F3-BABF-46F0B5114534}.Release-MONO|Any CPU.ActiveCfg = Release|Any CPU
		{EA25E703-E7A2-46F3-BABF-46F0B5114534}.Release-MONO|Any CPU.Build.0 = Release|Any CPU
		{EA25E703-E7A2-46F3-BABF-46F0B5114534}.Release-MONO|x64.ActiveCfg = Release|Any CPU
		{EA25E703-E7A2-46F3-BABF-46F0B5114534}.Release-MONO|x64.Build.0 = Release|Any CPU
		{BE6CA57D-AC53-4F56-B965-078AFC8F7BAE}.Debug|Any CPU.ActiveCfg = Debug|Any CPU
		{BE6CA57D-AC53-4F56-B965-078AFC8F7BAE}.Debug|Any CPU.Build.0 = Debug|Any CPU
		{BE6CA57D-AC53-4F56-B965-078AFC8F7BAE}.Debug|x64.ActiveCfg = Debug|Any CPU
		{BE6CA57D-AC53-4F56-B965-078AFC8F7BAE}.Debug|x64.Build.0 = Debug|Any CPU
		{BE6CA57D-AC53-4F56-B965-078AFC8F7BAE}.Debug-MONO|Any CPU.ActiveCfg = Debug|Any CPU
		{BE6CA57D-AC53-4F56-B965-078AFC8F7BAE}.Debug-MONO|Any CPU.Build.0 = Debug|Any CPU
		{BE6CA57D-AC53-4F56-B965-078AFC8F7BAE}.Debug-MONO|x64.ActiveCfg = Debug|Any CPU
		{BE6CA57D-AC53-4F56-B965-078AFC8F7BAE}.Debug-MONO|x64.Build.0 = Debug|Any CPU
		{BE6CA57D-AC53-4F56-B965-078AFC8F7BAE}.MachineIndependent|Any CPU.ActiveCfg = Release|Any CPU
		{BE6CA57D-AC53-4F56-B965-078AFC8F7BAE}.MachineIndependent|Any CPU.Build.0 = Release|Any CPU
		{BE6CA57D-AC53-4F56-B965-078AFC8F7BAE}.MachineIndependent|x64.ActiveCfg = Release|Any CPU
		{BE6CA57D-AC53-4F56-B965-078AFC8F7BAE}.MachineIndependent|x64.Build.0 = Release|Any CPU
		{BE6CA57D-AC53-4F56-B965-078AFC8F7BAE}.Release|Any CPU.ActiveCfg = Release|Any CPU
		{BE6CA57D-AC53-4F56-B965-078AFC8F7BAE}.Release|Any CPU.Build.0 = Release|Any CPU
		{BE6CA57D-AC53-4F56-B965-078AFC8F7BAE}.Release|x64.ActiveCfg = Release|Any CPU
		{BE6CA57D-AC53-4F56-B965-078AFC8F7BAE}.Release|x64.Build.0 = Release|Any CPU
		{BE6CA57D-AC53-4F56-B965-078AFC8F7BAE}.Release-MONO|Any CPU.ActiveCfg = Release|Any CPU
		{BE6CA57D-AC53-4F56-B965-078AFC8F7BAE}.Release-MONO|Any CPU.Build.0 = Release|Any CPU
		{BE6CA57D-AC53-4F56-B965-078AFC8F7BAE}.Release-MONO|x64.ActiveCfg = Release|Any CPU
		{BE6CA57D-AC53-4F56-B965-078AFC8F7BAE}.Release-MONO|x64.Build.0 = Release|Any CPU
		{48BACE91-8D54-4CFC-919A-5CE3DDE099C6}.Debug|Any CPU.ActiveCfg = Debug|Any CPU
		{48BACE91-8D54-4CFC-919A-5CE3DDE099C6}.Debug|Any CPU.Build.0 = Debug|Any CPU
		{48BACE91-8D54-4CFC-919A-5CE3DDE099C6}.Debug|x64.ActiveCfg = Debug|Any CPU
		{48BACE91-8D54-4CFC-919A-5CE3DDE099C6}.Debug|x64.Build.0 = Debug|Any CPU
		{48BACE91-8D54-4CFC-919A-5CE3DDE099C6}.Debug-MONO|Any CPU.ActiveCfg = Debug|Any CPU
		{48BACE91-8D54-4CFC-919A-5CE3DDE099C6}.Debug-MONO|Any CPU.Build.0 = Debug|Any CPU
		{48BACE91-8D54-4CFC-919A-5CE3DDE099C6}.Debug-MONO|x64.ActiveCfg = Debug|Any CPU
		{48BACE91-8D54-4CFC-919A-5CE3DDE099C6}.Debug-MONO|x64.Build.0 = Debug|Any CPU
		{48BACE91-8D54-4CFC-919A-5CE3DDE099C6}.MachineIndependent|Any CPU.ActiveCfg = Release|Any CPU
		{48BACE91-8D54-4CFC-919A-5CE3DDE099C6}.MachineIndependent|Any CPU.Build.0 = Release|Any CPU
		{48BACE91-8D54-4CFC-919A-5CE3DDE099C6}.MachineIndependent|x64.ActiveCfg = Release|Any CPU
		{48BACE91-8D54-4CFC-919A-5CE3DDE099C6}.MachineIndependent|x64.Build.0 = Release|Any CPU
		{48BACE91-8D54-4CFC-919A-5CE3DDE099C6}.Release|Any CPU.ActiveCfg = Release|Any CPU
		{48BACE91-8D54-4CFC-919A-5CE3DDE099C6}.Release|Any CPU.Build.0 = Release|Any CPU
		{48BACE91-8D54-4CFC-919A-5CE3DDE099C6}.Release|x64.ActiveCfg = Release|Any CPU
		{48BACE91-8D54-4CFC-919A-5CE3DDE099C6}.Release|x64.Build.0 = Release|Any CPU
		{48BACE91-8D54-4CFC-919A-5CE3DDE099C6}.Release-MONO|Any CPU.ActiveCfg = Release|Any CPU
		{48BACE91-8D54-4CFC-919A-5CE3DDE099C6}.Release-MONO|Any CPU.Build.0 = Release|Any CPU
		{48BACE91-8D54-4CFC-919A-5CE3DDE099C6}.Release-MONO|x64.ActiveCfg = Release|Any CPU
		{48BACE91-8D54-4CFC-919A-5CE3DDE099C6}.Release-MONO|x64.Build.0 = Release|Any CPU
		{9FD27A4C-5845-4AEF-9E6A-E406A5F7E736}.Debug|Any CPU.ActiveCfg = Debug|Any CPU
		{9FD27A4C-5845-4AEF-9E6A-E406A5F7E736}.Debug|Any CPU.Build.0 = Debug|Any CPU
		{9FD27A4C-5845-4AEF-9E6A-E406A5F7E736}.Debug|x64.ActiveCfg = Debug|Any CPU
		{9FD27A4C-5845-4AEF-9E6A-E406A5F7E736}.Debug|x64.Build.0 = Debug|Any CPU
		{9FD27A4C-5845-4AEF-9E6A-E406A5F7E736}.Debug-MONO|Any CPU.ActiveCfg = Debug|Any CPU
		{9FD27A4C-5845-4AEF-9E6A-E406A5F7E736}.Debug-MONO|Any CPU.Build.0 = Debug|Any CPU
		{9FD27A4C-5845-4AEF-9E6A-E406A5F7E736}.Debug-MONO|x64.ActiveCfg = Debug|Any CPU
		{9FD27A4C-5845-4AEF-9E6A-E406A5F7E736}.Debug-MONO|x64.Build.0 = Debug|Any CPU
		{9FD27A4C-5845-4AEF-9E6A-E406A5F7E736}.MachineIndependent|Any CPU.ActiveCfg = Release|Any CPU
		{9FD27A4C-5845-4AEF-9E6A-E406A5F7E736}.MachineIndependent|Any CPU.Build.0 = Release|Any CPU
		{9FD27A4C-5845-4AEF-9E6A-E406A5F7E736}.MachineIndependent|x64.ActiveCfg = Release|Any CPU
		{9FD27A4C-5845-4AEF-9E6A-E406A5F7E736}.MachineIndependent|x64.Build.0 = Release|Any CPU
		{9FD27A4C-5845-4AEF-9E6A-E406A5F7E736}.Release|Any CPU.ActiveCfg = Release|Any CPU
		{9FD27A4C-5845-4AEF-9E6A-E406A5F7E736}.Release|Any CPU.Build.0 = Release|Any CPU
		{9FD27A4C-5845-4AEF-9E6A-E406A5F7E736}.Release|x64.ActiveCfg = Release|Any CPU
		{9FD27A4C-5845-4AEF-9E6A-E406A5F7E736}.Release|x64.Build.0 = Release|Any CPU
		{9FD27A4C-5845-4AEF-9E6A-E406A5F7E736}.Release-MONO|Any CPU.ActiveCfg = Release|Any CPU
		{9FD27A4C-5845-4AEF-9E6A-E406A5F7E736}.Release-MONO|Any CPU.Build.0 = Release|Any CPU
		{9FD27A4C-5845-4AEF-9E6A-E406A5F7E736}.Release-MONO|x64.ActiveCfg = Release|Any CPU
		{9FD27A4C-5845-4AEF-9E6A-E406A5F7E736}.Release-MONO|x64.Build.0 = Release|Any CPU
		{34F8088D-570C-4E42-99A2-149BE16EF8B8}.Debug|Any CPU.ActiveCfg = Debug|Any CPU
		{34F8088D-570C-4E42-99A2-149BE16EF8B8}.Debug|Any CPU.Build.0 = Debug|Any CPU
		{34F8088D-570C-4E42-99A2-149BE16EF8B8}.Debug|x64.ActiveCfg = Debug|Any CPU
		{34F8088D-570C-4E42-99A2-149BE16EF8B8}.Debug|x64.Build.0 = Debug|Any CPU
		{34F8088D-570C-4E42-99A2-149BE16EF8B8}.Debug-MONO|Any CPU.ActiveCfg = Debug|Any CPU
		{34F8088D-570C-4E42-99A2-149BE16EF8B8}.Debug-MONO|Any CPU.Build.0 = Debug|Any CPU
		{34F8088D-570C-4E42-99A2-149BE16EF8B8}.Debug-MONO|x64.ActiveCfg = Debug|Any CPU
		{34F8088D-570C-4E42-99A2-149BE16EF8B8}.Debug-MONO|x64.Build.0 = Debug|Any CPU
		{34F8088D-570C-4E42-99A2-149BE16EF8B8}.MachineIndependent|Any CPU.ActiveCfg = Debug|Any CPU
		{34F8088D-570C-4E42-99A2-149BE16EF8B8}.MachineIndependent|Any CPU.Build.0 = Debug|Any CPU
		{34F8088D-570C-4E42-99A2-149BE16EF8B8}.MachineIndependent|x64.ActiveCfg = Debug|Any CPU
		{34F8088D-570C-4E42-99A2-149BE16EF8B8}.MachineIndependent|x64.Build.0 = Debug|Any CPU
		{34F8088D-570C-4E42-99A2-149BE16EF8B8}.Release|Any CPU.ActiveCfg = Release|Any CPU
		{34F8088D-570C-4E42-99A2-149BE16EF8B8}.Release|Any CPU.Build.0 = Release|Any CPU
		{34F8088D-570C-4E42-99A2-149BE16EF8B8}.Release|x64.ActiveCfg = Release|Any CPU
		{34F8088D-570C-4E42-99A2-149BE16EF8B8}.Release|x64.Build.0 = Release|Any CPU
		{34F8088D-570C-4E42-99A2-149BE16EF8B8}.Release-MONO|Any CPU.ActiveCfg = Release|Any CPU
		{34F8088D-570C-4E42-99A2-149BE16EF8B8}.Release-MONO|Any CPU.Build.0 = Release|Any CPU
		{34F8088D-570C-4E42-99A2-149BE16EF8B8}.Release-MONO|x64.ActiveCfg = Release|Any CPU
		{34F8088D-570C-4E42-99A2-149BE16EF8B8}.Release-MONO|x64.Build.0 = Release|Any CPU
		{E5D16155-F6BE-43EC-8556-32A6F30CFACC}.Debug|Any CPU.ActiveCfg = Debug|Any CPU
		{E5D16155-F6BE-43EC-8556-32A6F30CFACC}.Debug|Any CPU.Build.0 = Debug|Any CPU
		{E5D16155-F6BE-43EC-8556-32A6F30CFACC}.Debug|x64.ActiveCfg = Debug|Any CPU
		{E5D16155-F6BE-43EC-8556-32A6F30CFACC}.Debug|x64.Build.0 = Debug|Any CPU
		{E5D16155-F6BE-43EC-8556-32A6F30CFACC}.Debug-MONO|Any CPU.ActiveCfg = Debug|Any CPU
		{E5D16155-F6BE-43EC-8556-32A6F30CFACC}.Debug-MONO|Any CPU.Build.0 = Debug|Any CPU
		{E5D16155-F6BE-43EC-8556-32A6F30CFACC}.Debug-MONO|x64.ActiveCfg = Debug|Any CPU
		{E5D16155-F6BE-43EC-8556-32A6F30CFACC}.Debug-MONO|x64.Build.0 = Debug|Any CPU
		{E5D16155-F6BE-43EC-8556-32A6F30CFACC}.MachineIndependent|Any CPU.ActiveCfg = Debug|Any CPU
		{E5D16155-F6BE-43EC-8556-32A6F30CFACC}.MachineIndependent|Any CPU.Build.0 = Debug|Any CPU
		{E5D16155-F6BE-43EC-8556-32A6F30CFACC}.MachineIndependent|x64.ActiveCfg = Debug|Any CPU
		{E5D16155-F6BE-43EC-8556-32A6F30CFACC}.MachineIndependent|x64.Build.0 = Debug|Any CPU
		{E5D16155-F6BE-43EC-8556-32A6F30CFACC}.Release|Any CPU.ActiveCfg = Release|Any CPU
		{E5D16155-F6BE-43EC-8556-32A6F30CFACC}.Release|Any CPU.Build.0 = Release|Any CPU
		{E5D16155-F6BE-43EC-8556-32A6F30CFACC}.Release|x64.ActiveCfg = Release|Any CPU
		{E5D16155-F6BE-43EC-8556-32A6F30CFACC}.Release|x64.Build.0 = Release|Any CPU
		{E5D16155-F6BE-43EC-8556-32A6F30CFACC}.Release-MONO|Any CPU.ActiveCfg = Release|Any CPU
		{E5D16155-F6BE-43EC-8556-32A6F30CFACC}.Release-MONO|Any CPU.Build.0 = Release|Any CPU
		{E5D16155-F6BE-43EC-8556-32A6F30CFACC}.Release-MONO|x64.ActiveCfg = Release|Any CPU
		{E5D16155-F6BE-43EC-8556-32A6F30CFACC}.Release-MONO|x64.Build.0 = Release|Any CPU
	EndGlobalSection
	GlobalSection(SolutionProperties) = preSolution
		HideSolutionNode = FALSE
	EndGlobalSection
	GlobalSection(ExtensibilityGlobals) = postSolution
		SolutionGuid = {104B9DA2-7333-47B8-B777-2AC9B92CF42E}
	EndGlobalSection
EndGlobal
