
Microsoft Visual Studio Solution File, Format Version 12.00
# Visual Studio Version 16
VisualStudioVersion = 16.0.30320.27
MinimumVisualStudioVersion = 10.0.40219.1
Project("{9A19103F-16F7-4668-BE54-9A1E7A4F7556}") = "LazyStack", "LazyStack\LazyStack.csproj", "{EA25E703-E7A2-46F3-BABF-46F0B5114534}"
EndProject
Project("{9A19103F-16F7-4668-BE54-9A1E7A4F7556}") = "LazyStackApp", "LazyStackApp\LazyStackApp.csproj", "{BE6CA57D-AC53-4F56-B965-078AFC8F7BAE}"
EndProject
Project("{FAE04EC0-301F-11D3-BF4B-00C04F79EFBC}") = "LazyStackVsExt", "LazyStackVsExt\LazyStackVsExt.csproj", "{48BACE91-8D54-4CFC-919A-5CE3DDE099C6}"
EndProject
Project("{2150E333-8FDC-42A3-9474-1A3956D46DE8}") = "Microsoft", "Microsoft", "{FF78CB5A-187C-43C6-9F63-BCEE23BEDCDC}"
	ProjectSection(SolutionItems) = preProject
		Microsoft\src\Cli\Microsoft.DotNet.Cli.Sln.Internal\Readme.md = Microsoft\src\Cli\Microsoft.DotNet.Cli.Sln.Internal\Readme.md
	EndProjectSection
EndProject
Project("{9A19103F-16F7-4668-BE54-9A1E7A4F7556}") = "Microsoft.DotNet.Cli.Sln.Internal", "Microsoft\src\Cli\Microsoft.DotNet.Cli.Sln.Internal\Microsoft.DotNet.Cli.Sln.Internal.csproj", "{9437CF4E-E25B-42ED-B84D-BF0A1731E1A7}"
EndProject
Project("{9A19103F-16F7-4668-BE54-9A1E7A4F7556}") = "LazyStackWebApi", "LazyStackWebApi\LazyStackWebApi.csproj", "{9FD27A4C-5845-4AEF-9E6A-E406A5F7E736}"
EndProject
Project("{2150E333-8FDC-42A3-9474-1A3956D46DE8}") = "DocsSource", "DocsSource", "{AA7BF91F-7110-4443-81A5-0B640693DEB7}"
	ProjectSection(SolutionItems) = preProject
		DocsSource\.gitignore = DocsSource\.gitignore
		DocsSource\404.html = DocsSource\404.html
		DocsSource\_config.yml = DocsSource\_config.yml
		DocsSource\about.markdown = DocsSource\about.markdown
		DocsSource\Gemfile = DocsSource\Gemfile
		DocsSource\Gemfile.lock = DocsSource\Gemfile.lock
		DocsSource\index.markdown = DocsSource\index.markdown
	EndProjectSection
EndProject
Project("{2150E333-8FDC-42A3-9474-1A3956D46DE8}") = "_posts", "_posts", "{BF2C0DA3-A2E9-4535-828D-56852D2738E4}"
	ProjectSection(SolutionItems) = preProject
		DocsSource\_posts\2020-10-01-welcome-to-jekyll.markdown = DocsSource\_posts\2020-10-01-welcome-to-jekyll.markdown
	EndProjectSection
EndProject
Global
	GlobalSection(SolutionConfigurationPlatforms) = preSolution
		Debug|Any CPU = Debug|Any CPU
		Release|Any CPU = Release|Any CPU
	EndGlobalSection
	GlobalSection(ProjectConfigurationPlatforms) = postSolution
		{EA25E703-E7A2-46F3-BABF-46F0B5114534}.Debug|Any CPU.ActiveCfg = Debug|Any CPU
		{EA25E703-E7A2-46F3-BABF-46F0B5114534}.Debug|Any CPU.Build.0 = Debug|Any CPU
		{EA25E703-E7A2-46F3-BABF-46F0B5114534}.Release|Any CPU.ActiveCfg = Release|Any CPU
		{EA25E703-E7A2-46F3-BABF-46F0B5114534}.Release|Any CPU.Build.0 = Release|Any CPU
		{BE6CA57D-AC53-4F56-B965-078AFC8F7BAE}.Debug|Any CPU.ActiveCfg = Debug|Any CPU
		{BE6CA57D-AC53-4F56-B965-078AFC8F7BAE}.Debug|Any CPU.Build.0 = Debug|Any CPU
		{BE6CA57D-AC53-4F56-B965-078AFC8F7BAE}.Release|Any CPU.ActiveCfg = Release|Any CPU
		{BE6CA57D-AC53-4F56-B965-078AFC8F7BAE}.Release|Any CPU.Build.0 = Release|Any CPU
		{48BACE91-8D54-4CFC-919A-5CE3DDE099C6}.Debug|Any CPU.ActiveCfg = Debug|Any CPU
		{48BACE91-8D54-4CFC-919A-5CE3DDE099C6}.Debug|Any CPU.Build.0 = Debug|Any CPU
		{48BACE91-8D54-4CFC-919A-5CE3DDE099C6}.Release|Any CPU.ActiveCfg = Release|Any CPU
		{48BACE91-8D54-4CFC-919A-5CE3DDE099C6}.Release|Any CPU.Build.0 = Release|Any CPU
		{9437CF4E-E25B-42ED-B84D-BF0A1731E1A7}.Debug|Any CPU.ActiveCfg = Debug|Any CPU
		{9437CF4E-E25B-42ED-B84D-BF0A1731E1A7}.Debug|Any CPU.Build.0 = Debug|Any CPU
		{9437CF4E-E25B-42ED-B84D-BF0A1731E1A7}.Release|Any CPU.ActiveCfg = Release|Any CPU
		{9437CF4E-E25B-42ED-B84D-BF0A1731E1A7}.Release|Any CPU.Build.0 = Release|Any CPU
		{9FD27A4C-5845-4AEF-9E6A-E406A5F7E736}.Debug|Any CPU.ActiveCfg = Debug|Any CPU
		{9FD27A4C-5845-4AEF-9E6A-E406A5F7E736}.Debug|Any CPU.Build.0 = Debug|Any CPU
		{9FD27A4C-5845-4AEF-9E6A-E406A5F7E736}.Release|Any CPU.ActiveCfg = Release|Any CPU
		{9FD27A4C-5845-4AEF-9E6A-E406A5F7E736}.Release|Any CPU.Build.0 = Release|Any CPU
	EndGlobalSection
	GlobalSection(SolutionProperties) = preSolution
		HideSolutionNode = FALSE
	EndGlobalSection
	GlobalSection(NestedProjects) = preSolution
		{9437CF4E-E25B-42ED-B84D-BF0A1731E1A7} = {FF78CB5A-187C-43C6-9F63-BCEE23BEDCDC}
		{BF2C0DA3-A2E9-4535-828D-56852D2738E4} = {AA7BF91F-7110-4443-81A5-0B640693DEB7}
	EndGlobalSection
	GlobalSection(ExtensibilityGlobals) = postSolution
		SolutionGuid = {104B9DA2-7333-47B8-B777-2AC9B92CF42E}
	EndGlobalSection
EndGlobal
